{
  "name": "openrct2-touch-plugin",
  "version": "0.1.0",
  "lockfileVersion": 2,
  "requires": true,
  "packages": {
    "": {
      "name": "openrct2-touch-plugin",
      "version": "0.1.0",
      "license": "GPL-3.0-or-later",
      "devDependencies": {
        "typescript": "^4.6.3",
        "uglify-js": "^3.15.3"
      }
    },
    "node_modules/typescript": {
      "version": "4.6.3",
      "resolved": "https://registry.npmjs.org/typescript/-/typescript-4.6.3.tgz",
      "integrity": "sha512-yNIatDa5iaofVozS/uQJEl3JRWLKKGJKh6Yaiv0GLGSuhpFJe7P3SbHZ8/yjAHRQwKRoA6YZqlfjXWmVzoVSMw==",
      "dev": true,
      "bin": {
        "tsc": "bin/tsc",
        "tsserver": "bin/tsserver"
      },
      "engines": {
        "node": ">=4.2.0"
      }
    },
    "node_modules/uglify-js": {
      "version": "3.15.4",
      "resolved": "https://registry.npmjs.org/uglify-js/-/uglify-js-3.15.4.tgz",
      "integrity": "sha512-vMOPGDuvXecPs34V74qDKk4iJ/SN4vL3Ow/23ixafENYvtrNvtbcgUeugTcUGRGsOF/5fU8/NYSL5Hyb3l1OJA==",
      "dev": true,
      "bin": {
        "uglifyjs": "bin/uglifyjs"
      },
      "engines": {
        "node": ">=0.8.0"
      }
    }
  },
  "dependencies": {
    "typescript": {
      "version": "4.6.3",
      "resolved": "https://registry.npmjs.org/typescript/-/typescript-4.6.3.tgz",
      "integrity": "sha512-yNIatDa5iaofVozS/uQJEl3JRWLKKGJKh6Yaiv0GLGSuhpFJe7P3SbHZ8/yjAHRQwKRoA6YZqlfjXWmVzoVSMw==",
      "dev": true
    },
    "uglify-js": {
      "version": "3.15.4",
      "resolved": "https://registry.npmjs.org/uglify-js/-/uglify-js-3.15.4.tgz",
      "integrity": "sha512-vMOPGDuvXecPs34V74qDKk4iJ/SN4vL3Ow/23ixafENYvtrNvtbcgUeugTcUGRGsOF/5fU8/NYSL5Hyb3l1OJA==",
      "dev": true
    }
  }
}
